
Microsoft Visual Studio Solution File, Format Version 12.00
# Visual Studio 15
VisualStudioVersion = 15.0.28010.2050
MinimumVisualStudioVersion = 10.0.40219.1
Project("{9A19103F-16F7-4668-BE54-9A1E7A4F7556}") = "Granite_House", "Granite_House\Granite_House.csproj", "{94F4D89A-E793-47BC-98C2-0685DF511069}"
EndProject
Global
	GlobalSection(SolutionConfigurationPlatforms) = preSolution
		Debug|Any CPU = Debug|Any CPU
		Release|Any CPU = Release|Any CPU
	EndGlobalSection
	GlobalSection(ProjectConfigurationPlatforms) = postSolution
		{94F4D89A-E793-47BC-98C2-0685DF511069}.Debug|Any CPU.ActiveCfg = Debug|Any CPU
		{94F4D89A-E793-47BC-98C2-0685DF511069}.Debug|Any CPU.Build.0 = Debug|Any CPU
		{94F4D89A-E793-47BC-98C2-0685DF511069}.Release|Any CPU.ActiveCfg = Release|Any CPU
		{94F4D89A-E793-47BC-98C2-0685DF511069}.Release|Any CPU.Build.0 = Release|Any CPU
	EndGlobalSection
	GlobalSection(SolutionProperties) = preSolution
		HideSolutionNode = FALSE
	EndGlobalSection
	GlobalSection(ExtensibilityGlobals) = postSolution
		SolutionGuid = {282FD691-9F3A-479E-84A4-FD72C6E5BFE4}
	EndGlobalSection
EndGlobal
